
Microsoft Visual Studio Solution File, Format Version 12.00
# Visual Studio 2013
VisualStudioVersion = 12.0.30723.0
MinimumVisualStudioVersion = 10.0.40219.1
Project("{FAE04EC0-301F-11D3-BF4B-00C04F79EFBC}") = "PM-Dashboard", "PM-Dashboard\PM-Dashboard.csproj", "{ED8E9BCF-2899-4B1C-B5AD-873EC41E34F7}"
EndProject
Project("{FAE04EC0-301F-11D3-BF4B-00C04F79EFBC}") = "PM-Dashboard.Tests", "PM-Dashboard.Tests\PM-Dashboard.Tests.csproj", "{2439933D-E255-4E9E-BB2D-03D79B4539B3}"
EndProject
Project("{2150E333-8FDC-42A3-9474-1A3956D46DE8}") = ".nuget", ".nuget", "{B7B8EBF6-71DB-4DCA-AAC8-2CD7330FD531}"
	ProjectSection(SolutionItems) = preProject
		.nuget\NuGet.Config = .nuget\NuGet.Config
		.nuget\NuGet.exe = .nuget\NuGet.exe
		.nuget\NuGet.targets = .nuget\NuGet.targets
	EndProjectSection
EndProject
Global
	GlobalSection(SolutionConfigurationPlatforms) = preSolution
		Debug|Any CPU = Debug|Any CPU
		Release|Any CPU = Release|Any CPU
	EndGlobalSection
	GlobalSection(ProjectConfigurationPlatforms) = postSolution
		{ED8E9BCF-2899-4B1C-B5AD-873EC41E34F7}.Debug|Any CPU.ActiveCfg = Debug|Any CPU
		{ED8E9BCF-2899-4B1C-B5AD-873EC41E34F7}.Debug|Any CPU.Build.0 = Debug|Any CPU
		{ED8E9BCF-2899-4B1C-B5AD-873EC41E34F7}.Release|Any CPU.ActiveCfg = Release|Any CPU
		{ED8E9BCF-2899-4B1C-B5AD-873EC41E34F7}.Release|Any CPU.Build.0 = Release|Any CPU
		{2439933D-E255-4E9E-BB2D-03D79B4539B3}.Debug|Any CPU.ActiveCfg = Debug|Any CPU
		{2439933D-E255-4E9E-BB2D-03D79B4539B3}.Debug|Any CPU.Build.0 = Debug|Any CPU
		{2439933D-E255-4E9E-BB2D-03D79B4539B3}.Release|Any CPU.ActiveCfg = Release|Any CPU
		{2439933D-E255-4E9E-BB2D-03D79B4539B3}.Release|Any CPU.Build.0 = Release|Any CPU
	EndGlobalSection
	GlobalSection(SolutionProperties) = preSolution
		HideSolutionNode = FALSE
	EndGlobalSection
EndGlobal
